
Microsoft Visual Studio Solution File, Format Version 12.00
# Visual Studio Version 17
VisualStudioVersion = 17.14.37710.0 d17.14
MinimumVisualStudioVersion = 10.0.40219.1
Project("{FAE04EC0-301F-11D3-BF4B-00C04F79EFBC}") = "FinancialMonitor", "FinancialMonitor\FinancialMonitor.csproj", "{22726818-1612-4FE1-B37F-5ADF57574EBC}"
EndProject
Global
	GlobalSection(SolutionConfigurationPlatforms) = preSolution
		Debug|Any CPU = Debug|Any CPU
		Release|Any CPU = Release|Any CPU
	EndGlobalSection
	GlobalSection(ProjectConfigurationPlatforms) = postSolution
		{22726818-1612-4FE1-B37F-5ADF57574EBC}.Debug|Any CPU.ActiveCfg = Debug|Any CPU
		{22726818-1612-4FE1-B37F-5ADF57574EBC}.Debug|Any CPU.Build.0 = Debug|Any CPU
		{22726818-1612-4FE1-B37F-5ADF57574EBC}.Release|Any CPU.ActiveCfg = Release|Any CPU
		{22726818-1612-4FE1-B37F-5ADF57574EBC}.Release|Any CPU.Build.0 = Release|Any CPU
	EndGlobalSection
	GlobalSection(SolutionProperties) = preSolution
		HideSolutionNode = FALSE
	EndGlobalSection
	GlobalSection(ExtensibilityGlobals) = postSolution
		SolutionGuid = {8F7DFF43-84F4-4691-B72F-B46C753D4A01}
	EndGlobalSection
EndGlobal
